
Microsoft Visual Studio Solution File, Format Version 12.00
# Visual Studio Version 17
VisualStudioVersion = 17.1.32421.90
MinimumVisualStudioVersion = 10.0.40219.1
Project("{FAE04EC0-301F-11D3-BF4B-00C04F79EFBC}") = "Jerma", "Jerma\Jerma.csproj", "{E2243C00-80F5-4E7A-83D7-15AE1DB3924A}"
EndProject
Global
	GlobalSection(SolutionConfigurationPlatforms) = preSolution
		Debug|Any CPU = Debug|Any CPU
		Release|Any CPU = Release|Any CPU
	EndGlobalSection
	GlobalSection(ProjectConfigurationPlatforms) = postSolution
		{E2243C00-80F5-4E7A-83D7-15AE1DB3924A}.Debug|Any CPU.ActiveCfg = Debug|Any CPU
		{E2243C00-80F5-4E7A-83D7-15AE1DB3924A}.Debug|Any CPU.Build.0 = Debug|Any CPU
		{E2243C00-80F5-4E7A-83D7-15AE1DB3924A}.Release|Any CPU.ActiveCfg = Release|Any CPU
		{E2243C00-80F5-4E7A-83D7-15AE1DB3924A}.Release|Any CPU.Build.0 = Release|Any CPU
	EndGlobalSection
	GlobalSection(SolutionProperties) = preSolution
		HideSolutionNode = FALSE
	EndGlobalSection
	GlobalSection(ExtensibilityGlobals) = postSolution
		SolutionGuid = {66D5AD2F-69DC-4933-8E5A-BBAF78CB04DA}
	EndGlobalSection
EndGlobal
